// !$*UTF8*$!
{
	archiveVersion = 1;
	classes = {
	};
	objectVersion = 50;
	objects = {

/* Begin PBXBuildFile section */
		F30179B226AD88D5003EC6B6 /* Motorbike.m in Sources */ = {isa = PBXBuildFile; fileRef = F30179B126AD88D5003EC6B6 /* Motorbike.m */; };
		F30179B826AD8AEF003EC6B6 /* Motorbike+Maintenance.m in Sources */ = {isa = PBXBuildFile; fileRef = F30179B726AD8AEF003EC6B6 /* Motorbike+Maintenance.m */; };
		F30179BB26AD93BE003EC6B6 /* Car+Protected.m in Sources */ = {isa = PBXBuildFile; fileRef = F30179BA26AD93BE003EC6B6 /* Car+Protected.m */; };
		F30179BE26AD9567003EC6B6 /* Coupe.m in Sources */ = {isa = PBXBuildFile; fileRef = F30179BD26AD9567003EC6B6 /* Coupe.m */; };
		F30179C226ADBC79003EC6B6 /* CarStore.m in Sources */ = {isa = PBXBuildFile; fileRef = F30179C126ADBC79003EC6B6 /* CarStore.m */; };
		F32D753526AC02DB003B25CB /* Bicycle.m in Sources */ = {isa = PBXBuildFile; fileRef = F32D753426AC02DB003B25CB /* Bicycle.m */; };
		F3A5B4082693F39300EC2077 /* Car.m in Sources */ = {isa = PBXBuildFile; fileRef = F3A5B4072693F39300EC2077 /* Car.m */; };
		F3B16889269561E600F9DD7B /* CarModel.m in Sources */ = {isa = PBXBuildFile; fileRef = F3B16888269561E600F9DD7B /* CarModel.m */; };
		F3B609D02693082F00746255 /* main.m in Sources */ = {isa = PBXBuildFile; fileRef = F3B609CF2693082F00746255 /* main.m */; };
		F3B609D7269330D200746255 /* function.m in Sources */ = {isa = PBXBuildFile; fileRef = F3B609D6269330D200746255 /* function.m */; };
/* End PBXBuildFile section */

/* Begin PBXCopyFilesBuildPhase section */
		F3B609CA2693082F00746255 /* CopyFiles */ = {
			isa = PBXCopyFilesBuildPhase;
			buildActionMask = 2147483647;
			dstPath = /usr/share/man/man1/;
			dstSubfolderSpec = 0;
			files = (
			);
			runOnlyForDeploymentPostprocessing = 1;
		};
/* End PBXCopyFilesBuildPhase section */

/* Begin PBXFileReference section */
		F30179B026AD885A003EC6B6 /* Motorbike.h */ = {isa = PBXFileReference; lastKnownFileType = sourcecode.c.h; path = Motorbike.h; sourceTree = "<group>"; };
		F30179B126AD88D5003EC6B6 /* Motorbike.m */ = {isa = PBXFileReference; lastKnownFileType = sourcecode.c.objc; path = Motorbike.m; sourceTree = "<group>"; };
		F30179B626AD8AEF003EC6B6 /* Motorbike+Maintenance.h */ = {isa = PBXFileReference; lastKnownFileType = sourcecode.c.h; path = "Motorbike+Maintenance.h"; sourceTree = "<group>"; };
		F30179B726AD8AEF003EC6B6 /* Motorbike+Maintenance.m */ = {isa = PBXFileReference; lastKnownFileType = sourcecode.c.objc; path = "Motorbike+Maintenance.m"; sourceTree = "<group>"; };
		F30179B926AD93BE003EC6B6 /* Car+Protected.h */ = {isa = PBXFileReference; lastKnownFileType = sourcecode.c.h; path = "Car+Protected.h"; sourceTree = "<group>"; };
		F30179BA26AD93BE003EC6B6 /* Car+Protected.m */ = {isa = PBXFileReference; lastKnownFileType = sourcecode.c.objc; path = "Car+Protected.m"; sourceTree = "<group>"; };
		F30179BC26AD951E003EC6B6 /* Coupe.h */ = {isa = PBXFileReference; lastKnownFileType = sourcecode.c.h; path = Coupe.h; sourceTree = "<group>"; };
		F30179BD26AD9567003EC6B6 /* Coupe.m */ = {isa = PBXFileReference; lastKnownFileType = sourcecode.c.objc; path = Coupe.m; sourceTree = "<group>"; };
		F30179BF26AD992F003EC6B6 /* Car+__.h */ = {isa = PBXFileReference; lastKnownFileType = sourcecode.c.h; path = "Car+__.h"; sourceTree = "<group>"; };
		F30179C026ADBC50003EC6B6 /* CarStore.h */ = {isa = PBXFileReference; lastKnownFileType = sourcecode.c.h; path = CarStore.h; sourceTree = "<group>"; };
		F30179C126ADBC79003EC6B6 /* CarStore.m */ = {isa = PBXFileReference; lastKnownFileType = sourcecode.c.objc; path = CarStore.m; sourceTree = "<group>"; };
		F32D753226AC011E003B25CB /* StreetLegal.h */ = {isa = PBXFileReference; lastKnownFileType = sourcecode.c.h; path = StreetLegal.h; sourceTree = "<group>"; };
		F32D753426AC02DB003B25CB /* Bicycle.m */ = {isa = PBXFileReference; lastKnownFileType = sourcecode.c.objc; path = Bicycle.m; sourceTree = "<group>"; };
		F32D753626AC0327003B25CB /* Bicycle.h */ = {isa = PBXFileReference; lastKnownFileType = sourcecode.c.h; path = Bicycle.h; sourceTree = "<group>"; };
		F3A5B4062693F39300EC2077 /* Car.h */ = {isa = PBXFileReference; lastKnownFileType = sourcecode.c.h; path = Car.h; sourceTree = "<group>"; };
		F3A5B4072693F39300EC2077 /* Car.m */ = {isa = PBXFileReference; lastKnownFileType = sourcecode.c.objc; path = Car.m; sourceTree = "<group>"; };
		F3B16887269561E600F9DD7B /* CarModel.h */ = {isa = PBXFileReference; lastKnownFileType = sourcecode.c.h; path = CarModel.h; sourceTree = "<group>"; };
		F3B16888269561E600F9DD7B /* CarModel.m */ = {isa = PBXFileReference; lastKnownFileType = sourcecode.c.objc; path = CarModel.m; sourceTree = "<group>"; };
		F3B609CC2693082F00746255 /* HelloObjectiveC */ = {isa = PBXFileReference; explicitFileType = "compiled.mach-o.executable"; includeInIndex = 0; path = HelloObjectiveC; sourceTree = BUILT_PRODUCTS_DIR; };
		F3B609CF2693082F00746255 /* main.m */ = {isa = PBXFileReference; lastKnownFileType = sourcecode.c.objc; path = main.m; sourceTree = "<group>"; };
		F3B609D6269330D200746255 /* function.m */ = {isa = PBXFileReference; lastKnownFileType = sourcecode.c.objc; path = function.m; sourceTree = "<group>"; };
/* End PBXFileReference section */

/* Begin PBXFrameworksBuildPhase section */
		F3B609C92693082F00746255 /* Frameworks */ = {
			isa = PBXFrameworksBuildPhase;
			buildActionMask = 2147483647;
			files = (
			);
			runOnlyForDeploymentPostprocessing = 0;
		};
/* End PBXFrameworksBuildPhase section */

/* Begin PBXGroup section */
		F30179AD26AD12DE003EC6B6 /* Functions */ = {
			isa = PBXGroup;
			children = (
				F3B609D6269330D200746255 /* function.m */,
			);
			path = Functions;
			sourceTree = "<group>";
		};
		F30179AE26AD1317003EC6B6 /* Properties */ = {
			isa = PBXGroup;
			children = (
			);
			path = Properties;
			sourceTree = "<group>";
		};
		F30179AF26AD880E003EC6B6 /* Categories */ = {
			isa = PBXGroup;
			children = (
				F30179B026AD885A003EC6B6 /* Motorbike.h */,
				F30179B126AD88D5003EC6B6 /* Motorbike.m */,
				F30179B626AD8AEF003EC6B6 /* Motorbike+Maintenance.h */,
				F30179B726AD8AEF003EC6B6 /* Motorbike+Maintenance.m */,
				F30179B926AD93BE003EC6B6 /* Car+Protected.h */,
				F30179BA26AD93BE003EC6B6 /* Car+Protected.m */,
				F30179BC26AD951E003EC6B6 /* Coupe.h */,
				F30179BD26AD9567003EC6B6 /* Coupe.m */,
			);
			path = Categories;
			sourceTree = "<group>";
		};
		F32D753126AC0076003B25CB /* Protocols */ = {
			isa = PBXGroup;
			children = (
				F32D753226AC011E003B25CB /* StreetLegal.h */,
			);
			path = Protocols;
			sourceTree = "<group>";
		};
		F32D753726AC0730003B25CB /* Entities */ = {
			isa = PBXGroup;
			children = (
				F3B16887269561E600F9DD7B /* CarModel.h */,
				F3B16888269561E600F9DD7B /* CarModel.m */,
				F3A5B4062693F39300EC2077 /* Car.h */,
				F3A5B4072693F39300EC2077 /* Car.m */,
				F32D753426AC02DB003B25CB /* Bicycle.m */,
				F32D753626AC0327003B25CB /* Bicycle.h */,
				F30179BF26AD992F003EC6B6 /* Car+__.h */,
				F30179C026ADBC50003EC6B6 /* CarStore.h */,
				F30179C126ADBC79003EC6B6 /* CarStore.m */,
			);
			path = Entities;
			sourceTree = "<group>";
		};
		F3B609C32693082F00746255 = {
			isa = PBXGroup;
			children = (
				F3B609CE2693082F00746255 /* HelloObjectiveC */,
				F3B609CD2693082F00746255 /* Products */,
			);
			sourceTree = "<group>";
		};
		F3B609CD2693082F00746255 /* Products */ = {
			isa = PBXGroup;
			children = (
				F3B609CC2693082F00746255 /* HelloObjectiveC */,
			);
			name = Products;
			sourceTree = "<group>";
		};
		F3B609CE2693082F00746255 /* HelloObjectiveC */ = {
			isa = PBXGroup;
			children = (
				F30179AF26AD880E003EC6B6 /* Categories */,
				F30179AE26AD1317003EC6B6 /* Properties */,
				F30179AD26AD12DE003EC6B6 /* Functions */,
				F32D753726AC0730003B25CB /* Entities */,
				F32D753126AC0076003B25CB /* Protocols */,
				F3B609CF2693082F00746255 /* main.m */,
			);
			path = HelloObjectiveC;
			sourceTree = "<group>";
		};
/* End PBXGroup section */

/* Begin PBXNativeTarget section */
		F3B609CB2693082F00746255 /* HelloObjectiveC */ = {
			isa = PBXNativeTarget;
			buildConfigurationList = F3B609D32693082F00746255 /* Build configuration list for PBXNativeTarget "HelloObjectiveC" */;
			buildPhases = (
				F3B609C82693082F00746255 /* Sources */,
				F3B609C92693082F00746255 /* Frameworks */,
				F3B609CA2693082F00746255 /* CopyFiles */,
			);
			buildRules = (
			);
			dependencies = (
			);
			name = HelloObjectiveC;
			productName = HelloObjectiveC;
			productReference = F3B609CC2693082F00746255 /* HelloObjectiveC */;
			productType = "com.apple.product-type.tool";
		};
/* End PBXNativeTarget section */

/* Begin PBXProject section */
		F3B609C42693082F00746255 /* Project object */ = {
			isa = PBXProject;
			attributes = {
				LastUpgradeCheck = 1250;
				TargetAttributes = {
					F3B609CB2693082F00746255 = {
						CreatedOnToolsVersion = 12.5.1;
					};
				};
			};
			buildConfigurationList = F3B609C72693082F00746255 /* Build configuration list for PBXProject "HelloObjectiveC" */;
			compatibilityVersion = "Xcode 9.3";
			developmentRegion = en;
			hasScannedForEncodings = 0;
			knownRegions = (
				en,
				Base,
			);
			mainGroup = F3B609C32693082F00746255;
			productRefGroup = F3B609CD2693082F00746255 /* Products */;
			projectDirPath = "";
			projectRoot = "";
			targets = (
				F3B609CB2693082F00746255 /* HelloObjectiveC */,
			);
		};
/* End PBXProject section */

/* Begin PBXSourcesBuildPhase section */
		F3B609C82693082F00746255 /* Sources */ = {
			isa = PBXSourcesBuildPhase;
			buildActionMask = 2147483647;
			files = (
				F3B16889269561E600F9DD7B /* CarModel.m in Sources */,
				F30179B826AD8AEF003EC6B6 /* Motorbike+Maintenance.m in Sources */,
				F30179C226ADBC79003EC6B6 /* CarStore.m in Sources */,
				F3A5B4082693F39300EC2077 /* Car.m in Sources */,
				F3B609D02693082F00746255 /* main.m in Sources */,
				F32D753526AC02DB003B25CB /* Bicycle.m in Sources */,
				F30179BB26AD93BE003EC6B6 /* Car+Protected.m in Sources */,
				F30179BE26AD9567003EC6B6 /* Coupe.m in Sources */,
				F30179B226AD88D5003EC6B6 /* Motorbike.m in Sources */,
				F3B609D7269330D200746255 /* function.m in Sources */,
			);
			runOnlyForDeploymentPostprocessing = 0;
		};
/* End PBXSourcesBuildPhase section */

/* Begin XCBuildConfiguration section */
		F3B609D12693082F00746255 /* Debug */ = {
			isa = XCBuildConfiguration;
			buildSettings = {
				ALWAYS_SEARCH_USER_PATHS = NO;
				CLANG_ANALYZER_NONNULL = YES;
				CLANG_ANALYZER_NUMBER_OBJECT_CONVERSION = YES_AGGRESSIVE;
				CLANG_CXX_LANGUAGE_STANDARD = "gnu++14";
				CLANG_CXX_LIBRARY = "libc++";
				CLANG_ENABLE_MODULES = YES;
				CLANG_ENABLE_OBJC_ARC = YES;
				CLANG_ENABLE_OBJC_WEAK = YES;
				CLANG_WARN_BLOCK_CAPTURE_AUTORELEASING = YES;
				CLANG_WARN_BOOL_CONVERSION = YES;
				CLANG_WARN_COMMA = YES;
				CLANG_WARN_CONSTANT_CONVERSION = YES;
				CLANG_WARN_DEPRECATED_OBJC_IMPLEMENTATIONS = YES;
				CLANG_WARN_DIRECT_OBJC_ISA_USAGE = YES_ERROR;
				CLANG_WARN_DOCUMENTATION_COMMENTS = YES;
				CLANG_WARN_EMPTY_BODY = YES;
				CLANG_WARN_ENUM_CONVERSION = YES;
				CLANG_WARN_INFINITE_RECURSION = YES;
				CLANG_WARN_INT_CONVERSION = YES;
				CLANG_WARN_NON_LITERAL_NULL_CONVERSION = YES;
				CLANG_WARN_OBJC_IMPLICIT_RETAIN_SELF = YES;
				CLANG_WARN_OBJC_LITERAL_CONVERSION = YES;
				CLANG_WARN_OBJC_ROOT_CLASS = YES_ERROR;
				CLANG_WARN_QUOTED_INCLUDE_IN_FRAMEWORK_HEADER = YES;
				CLANG_WARN_RANGE_LOOP_ANALYSIS = YES;
				CLANG_WARN_STRICT_PROTOTYPES = YES;
				CLANG_WARN_SUSPICIOUS_MOVE = YES;
				CLANG_WARN_UNGUARDED_AVAILABILITY = YES_AGGRESSIVE;
				CLANG_WARN_UNREACHABLE_CODE = YES;
				CLANG_WARN__DUPLICATE_METHOD_MATCH = YES;
				COPY_PHASE_STRIP = NO;
				DEBUG_INFORMATION_FORMAT = dwarf;
				ENABLE_STRICT_OBJC_MSGSEND = YES;
				ENABLE_TESTABILITY = YES;
				GCC_C_LANGUAGE_STANDARD = gnu11;
				GCC_DYNAMIC_NO_PIC = NO;
				GCC_NO_COMMON_BLOCKS = YES;
				GCC_OPTIMIZATION_LEVEL = 0;
				GCC_PREPROCESSOR_DEFINITIONS = (
					"DEBUG=1",
					"$(inherited)",
				);
				GCC_WARN_64_TO_32_BIT_CONVERSION = YES;
				GCC_WARN_ABOUT_RETURN_TYPE = YES_ERROR;
				GCC_WARN_UNDECLARED_SELECTOR = YES;
				GCC_WARN_UNINITIALIZED_AUTOS = YES_AGGRESSIVE;
				GCC_WARN_UNUSED_FUNCTION = YES;
				GCC_WARN_UNUSED_VARIABLE = YES;
				MACOSX_DEPLOYMENT_TARGET = 11.3;
				MTL_ENABLE_DEBUG_INFO = INCLUDE_SOURCE;
				MTL_FAST_MATH = YES;
				ONLY_ACTIVE_ARCH = YES;
				SDKROOT = macosx;
			};
			name = Debug;
		};
		F3B609D22693082F00746255 /* Release */ = {
			isa = XCBuildConfiguration;
			buildSettings = {
				ALWAYS_SEARCH_USER_PATHS = NO;
				CLANG_ANALYZER_NONNULL = YES;
				CLANG_ANALYZER_NUMBER_OBJECT_CONVERSION = YES_AGGRESSIVE;
				CLANG_CXX_LANGUAGE_STANDARD = "gnu++14";
				CLANG_CXX_LIBRARY = "libc++";
				CLANG_ENABLE_MODULES = YES;
				CLANG_ENABLE_OBJC_ARC = YES;
				CLANG_ENABLE_OBJC_WEAK = YES;
				CLANG_WARN_BLOCK_CAPTURE_AUTORELEASING = YES;
				CLANG_WARN_BOOL_CONVERSION = YES;
				CLANG_WARN_COMMA = YES;
				CLANG_WARN_CONSTANT_CONVERSION = YES;
				CLANG_WARN_DEPRECATED_OBJC_IMPLEMENTATIONS = YES;
				CLANG_WARN_DIRECT_OBJC_ISA_USAGE = YES_ERROR;
				CLANG_WARN_DOCUMENTATION_COMMENTS = YES;
				CLANG_WARN_EMPTY_BODY = YES;
				CLANG_WARN_ENUM_CONVERSION = YES;
				CLANG_WARN_INFINITE_RECURSION = YES;
				CLANG_WARN_INT_CONVERSION = YES;
				CLANG_WARN_NON_LITERAL_NULL_CONVERSION = YES;
				CLANG_WARN_OBJC_IMPLICIT_RETAIN_SELF = YES;
				CLANG_WARN_OBJC_LITERAL_CONVERSION = YES;
				CLANG_WARN_OBJC_ROOT_CLASS = YES_ERROR;
				CLANG_WARN_QUOTED_INCLUDE_IN_FRAMEWORK_HEADER = YES;
				CLANG_WARN_RANGE_LOOP_ANALYSIS = YES;
				CLANG_WARN_STRICT_PROTOTYPES = YES;
				CLANG_WARN_SUSPICIOUS_MOVE = YES;
				CLANG_WARN_UNGUARDED_AVAILABILITY = YES_AGGRESSIVE;
				CLANG_WARN_UNREACHABLE_CODE = YES;
				CLANG_WARN__DUPLICATE_METHOD_MATCH = YES;
				COPY_PHASE_STRIP = NO;
				DEBUG_INFORMATION_FORMAT = "dwarf-with-dsym";
				ENABLE_NS_ASSERTIONS = NO;
				ENABLE_STRICT_OBJC_MSGSEND = YES;
				GCC_C_LANGUAGE_STANDARD = gnu11;
				GCC_NO_COMMON_BLOCKS = YES;
				GCC_WARN_64_TO_32_BIT_CONVERSION = YES;
				GCC_WARN_ABOUT_RETURN_TYPE = YES_ERROR;
				GCC_WARN_UNDECLARED_SELECTOR = YES;
				GCC_WARN_UNINITIALIZED_AUTOS = YES_AGGRESSIVE;
				GCC_WARN_UNUSED_FUNCTION = YES;
				GCC_WARN_UNUSED_VARIABLE = YES;
				MACOSX_DEPLOYMENT_TARGET = 11.3;
				MTL_ENABLE_DEBUG_INFO = NO;
				MTL_FAST_MATH = YES;
				SDKROOT = macosx;
			};
			name = Release;
		};
		F3B609D42693082F00746255 /* Debug */ = {
			isa = XCBuildConfiguration;
			buildSettings = {
				CODE_SIGN_STYLE = Automatic;
				DEVELOPMENT_TEAM = XZWU3TZ389;
				ENABLE_HARDENED_RUNTIME = YES;
				PRODUCT_NAME = "$(TARGET_NAME)";
			};
			name = Debug;
		};
		F3B609D52693082F00746255 /* Release */ = {
			isa = XCBuildConfiguration;
			buildSettings = {
				CODE_SIGN_STYLE = Automatic;
				DEVELOPMENT_TEAM = XZWU3TZ389;
				ENABLE_HARDENED_RUNTIME = YES;
				PRODUCT_NAME = "$(TARGET_NAME)";
			};
			name = Release;
		};
/* End XCBuildConfiguration section */

/* Begin XCConfigurationList section */
		F3B609C72693082F00746255 /* Build configuration list for PBXProject "HelloObjectiveC" */ = {
			isa = XCConfigurationList;
			buildConfigurations = (
				F3B609D12693082F00746255 /* Debug */,
				F3B609D22693082F00746255 /* Release */,
			);
			defaultConfigurationIsVisible = 0;
			defaultConfigurationName = Release;
		};
		F3B609D32693082F00746255 /* Build configuration list for PBXNativeTarget "HelloObjectiveC" */ = {
			isa = XCConfigurationList;
			buildConfigurations = (
				F3B609D42693082F00746255 /* Debug */,
				F3B609D52693082F00746255 /* Release */,
			);
			defaultConfigurationIsVisible = 0;
			defaultConfigurationName = Release;
		};
/* End XCConfigurationList section */
	};
	rootObject = F3B609C42693082F00746255 /* Project object */;
}
